
Microsoft Visual Studio Solution File, Format Version 12.00
# Visual Studio Version 16
VisualStudioVersion = 16.0.29411.108
MinimumVisualStudioVersion = 10.0.40219.1
Project("{9A19103F-16F7-4668-BE54-9A1E7A4F7556}") = "StrategyPattern", "StrategyPattern\StrategyPattern.csproj", "{5374962C-8EB8-47DE-A679-9169C26D0F20}"
EndProject
Project("{2150E333-8FDC-42A3-9474-1A3956D46DE8}") = "01策略模式", "01策略模式", "{BB5EBC2E-1874-4DF5-B90E-1A55270EAFBC}"
EndProject
Project("{2150E333-8FDC-42A3-9474-1A3956D46DE8}") = "02观察者模式", "02观察者模式", "{29AE2BA3-C176-4757-8F9D-5FA8C71B2470}"
EndProject
Project("{9A19103F-16F7-4668-BE54-9A1E7A4F7556}") = "ObserverPattern", "ObserverPattern\ObserverPattern.csproj", "{9F01C875-0665-4058-989F-7B48D64DEACD}"
EndProject
Project("{2150E333-8FDC-42A3-9474-1A3956D46DE8}") = "03装饰者模式", "03装饰者模式", "{DD668F13-597F-478D-A283-B7CB716D28BD}"
EndProject
Project("{9A19103F-16F7-4668-BE54-9A1E7A4F7556}") = "DecoratorPttern", "DecoratorPttern\DecoratorPttern.csproj", "{D3227851-6748-4332-8377-886D6B9CFF5C}"
EndProject
Project("{2150E333-8FDC-42A3-9474-1A3956D46DE8}") = "04工厂模式", "04工厂模式", "{E2442DEB-A6F8-43A8-98EA-F15C42BB5CCD}"
EndProject
Project("{9A19103F-16F7-4668-BE54-9A1E7A4F7556}") = "FactoryPattern", "FactoryPattern\FactoryPattern.csproj", "{F79CB43A-69DD-4627-ACBB-1A3307155850}"
EndProject
Project("{2150E333-8FDC-42A3-9474-1A3956D46DE8}") = "05单例模式", "05单例模式", "{28261437-C1A6-4482-99B6-00D8BABFC2BC}"
EndProject
Project("{9A19103F-16F7-4668-BE54-9A1E7A4F7556}") = "SingletonPattern", "SingletonPattern\SingletonPattern.csproj", "{96C615E4-C573-408C-9BB6-C9506E510D8A}"
EndProject
Project("{2150E333-8FDC-42A3-9474-1A3956D46DE8}") = "06命令模式", "06命令模式", "{F62B38F6-1A5F-41E8-A585-2EBE481BE269}"
EndProject
Project("{9A19103F-16F7-4668-BE54-9A1E7A4F7556}") = "CommandPattern", "CommandPattern\CommandPattern.csproj", "{6507EB40-D3B2-4B70-8251-8B94990BB222}"
EndProject
Project("{2150E333-8FDC-42A3-9474-1A3956D46DE8}") = "07适配器模式", "07适配器模式", "{1200ACFB-2B2F-4B17-B2DE-43B1ADB954D9}"
EndProject
Project("{9A19103F-16F7-4668-BE54-9A1E7A4F7556}") = "AdapterPattern", "AdapterPattern\AdapterPattern.csproj", "{BBB94D88-9E30-4D71-9A47-6701D49DD501}"
EndProject
Project("{2150E333-8FDC-42A3-9474-1A3956D46DE8}") = "08外观模式", "08外观模式", "{2BA28A77-B8D7-4980-9A16-B07E65542093}"
EndProject
Project("{9A19103F-16F7-4668-BE54-9A1E7A4F7556}") = "FacadePattern", "FacadePattern\FacadePattern.csproj", "{6A537E41-E1C0-4E8A-867A-51D6FAB89051}"
EndProject
Project("{2150E333-8FDC-42A3-9474-1A3956D46DE8}") = "09模板方法模式", "09模板方法模式", "{F04B13C1-1B0B-42FC-BDC0-224DFB65FFF7}"
EndProject
Project("{9A19103F-16F7-4668-BE54-9A1E7A4F7556}") = "TemplateMethodPattern", "TemplateMethodPattern\TemplateMethodPattern.csproj", "{2C1AD86D-E767-4777-9FF1-39B27DD845A5}"
EndProject
Project("{2150E333-8FDC-42A3-9474-1A3956D46DE8}") = "10迭代器模式", "10迭代器模式", "{719BAF75-C8A6-4618-AFB2-3B953D335E1A}"
EndProject
Project("{9A19103F-16F7-4668-BE54-9A1E7A4F7556}") = "IteratorPattern", "IteratorPattern\IteratorPattern.csproj", "{035F41E1-3C09-4C8A-865D-7DA41B28A6DD}"
EndProject
Project("{2150E333-8FDC-42A3-9474-1A3956D46DE8}") = "11组合模式", "11组合模式", "{DFE77D88-481F-4D89-88CE-A99965775B19}"
EndProject
Project("{9A19103F-16F7-4668-BE54-9A1E7A4F7556}") = "CompositePattern", "CompositePattern\CompositePattern.csproj", "{E451B066-B581-4D98-9870-967D00C936E5}"
EndProject
Project("{2150E333-8FDC-42A3-9474-1A3956D46DE8}") = "12状态模式", "12状态模式", "{6CD40ABD-0C63-430D-AF26-802CA8B31861}"
EndProject
Project("{9A19103F-16F7-4668-BE54-9A1E7A4F7556}") = "StatePattern", "StatePattern\StatePattern.csproj", "{117BF2EC-4D0D-4B4D-A1EE-B57936B8BA64}"
EndProject
Project("{2150E333-8FDC-42A3-9474-1A3956D46DE8}") = "13复合模式", "13复合模式", "{BA32043F-14C2-480D-AF23-7BD83F1C83CF}"
EndProject
Project("{FAE04EC0-301F-11D3-BF4B-00C04F79EFBC}") = "CompoundPattern", "CompoundPattern\CompoundPattern.csproj", "{7787E653-16B3-49AA-ABC7-3B98CED8C780}"
EndProject
Global
	GlobalSection(SolutionConfigurationPlatforms) = preSolution
		Debug|Any CPU = Debug|Any CPU
		Release|Any CPU = Release|Any CPU
	EndGlobalSection
	GlobalSection(ProjectConfigurationPlatforms) = postSolution
		{5374962C-8EB8-47DE-A679-9169C26D0F20}.Debug|Any CPU.ActiveCfg = Debug|Any CPU
		{5374962C-8EB8-47DE-A679-9169C26D0F20}.Debug|Any CPU.Build.0 = Debug|Any CPU
		{5374962C-8EB8-47DE-A679-9169C26D0F20}.Release|Any CPU.ActiveCfg = Release|Any CPU
		{5374962C-8EB8-47DE-A679-9169C26D0F20}.Release|Any CPU.Build.0 = Release|Any CPU
		{9F01C875-0665-4058-989F-7B48D64DEACD}.Debug|Any CPU.ActiveCfg = Debug|Any CPU
		{9F01C875-0665-4058-989F-7B48D64DEACD}.Debug|Any CPU.Build.0 = Debug|Any CPU
		{9F01C875-0665-4058-989F-7B48D64DEACD}.Release|Any CPU.ActiveCfg = Release|Any CPU
		{9F01C875-0665-4058-989F-7B48D64DEACD}.Release|Any CPU.Build.0 = Release|Any CPU
		{D3227851-6748-4332-8377-886D6B9CFF5C}.Debug|Any CPU.ActiveCfg = Debug|Any CPU
		{D3227851-6748-4332-8377-886D6B9CFF5C}.Debug|Any CPU.Build.0 = Debug|Any CPU
		{D3227851-6748-4332-8377-886D6B9CFF5C}.Release|Any CPU.ActiveCfg = Release|Any CPU
		{D3227851-6748-4332-8377-886D6B9CFF5C}.Release|Any CPU.Build.0 = Release|Any CPU
		{F79CB43A-69DD-4627-ACBB-1A3307155850}.Debug|Any CPU.ActiveCfg = Debug|Any CPU
		{F79CB43A-69DD-4627-ACBB-1A3307155850}.Debug|Any CPU.Build.0 = Debug|Any CPU
		{F79CB43A-69DD-4627-ACBB-1A3307155850}.Release|Any CPU.ActiveCfg = Release|Any CPU
		{F79CB43A-69DD-4627-ACBB-1A3307155850}.Release|Any CPU.Build.0 = Release|Any CPU
		{96C615E4-C573-408C-9BB6-C9506E510D8A}.Debug|Any CPU.ActiveCfg = Debug|Any CPU
		{96C615E4-C573-408C-9BB6-C9506E510D8A}.Debug|Any CPU.Build.0 = Debug|Any CPU
		{96C615E4-C573-408C-9BB6-C9506E510D8A}.Release|Any CPU.ActiveCfg = Release|Any CPU
		{96C615E4-C573-408C-9BB6-C9506E510D8A}.Release|Any CPU.Build.0 = Release|Any CPU
		{6507EB40-D3B2-4B70-8251-8B94990BB222}.Debug|Any CPU.ActiveCfg = Debug|Any CPU
		{6507EB40-D3B2-4B70-8251-8B94990BB222}.Debug|Any CPU.Build.0 = Debug|Any CPU
		{6507EB40-D3B2-4B70-8251-8B94990BB222}.Release|Any CPU.ActiveCfg = Release|Any CPU
		{6507EB40-D3B2-4B70-8251-8B94990BB222}.Release|Any CPU.Build.0 = Release|Any CPU
		{BBB94D88-9E30-4D71-9A47-6701D49DD501}.Debug|Any CPU.ActiveCfg = Debug|Any CPU
		{BBB94D88-9E30-4D71-9A47-6701D49DD501}.Debug|Any CPU.Build.0 = Debug|Any CPU
		{BBB94D88-9E30-4D71-9A47-6701D49DD501}.Release|Any CPU.ActiveCfg = Release|Any CPU
		{BBB94D88-9E30-4D71-9A47-6701D49DD501}.Release|Any CPU.Build.0 = Release|Any CPU
		{6A537E41-E1C0-4E8A-867A-51D6FAB89051}.Debug|Any CPU.ActiveCfg = Debug|Any CPU
		{6A537E41-E1C0-4E8A-867A-51D6FAB89051}.Debug|Any CPU.Build.0 = Debug|Any CPU
		{6A537E41-E1C0-4E8A-867A-51D6FAB89051}.Release|Any CPU.ActiveCfg = Release|Any CPU
		{6A537E41-E1C0-4E8A-867A-51D6FAB89051}.Release|Any CPU.Build.0 = Release|Any CPU
		{2C1AD86D-E767-4777-9FF1-39B27DD845A5}.Debug|Any CPU.ActiveCfg = Debug|Any CPU
		{2C1AD86D-E767-4777-9FF1-39B27DD845A5}.Debug|Any CPU.Build.0 = Debug|Any CPU
		{2C1AD86D-E767-4777-9FF1-39B27DD845A5}.Release|Any CPU.ActiveCfg = Release|Any CPU
		{2C1AD86D-E767-4777-9FF1-39B27DD845A5}.Release|Any CPU.Build.0 = Release|Any CPU
		{035F41E1-3C09-4C8A-865D-7DA41B28A6DD}.Debug|Any CPU.ActiveCfg = Debug|Any CPU
		{035F41E1-3C09-4C8A-865D-7DA41B28A6DD}.Debug|Any CPU.Build.0 = Debug|Any CPU
		{035F41E1-3C09-4C8A-865D-7DA41B28A6DD}.Release|Any CPU.ActiveCfg = Release|Any CPU
		{035F41E1-3C09-4C8A-865D-7DA41B28A6DD}.Release|Any CPU.Build.0 = Release|Any CPU
		{E451B066-B581-4D98-9870-967D00C936E5}.Debug|Any CPU.ActiveCfg = Debug|Any CPU
		{E451B066-B581-4D98-9870-967D00C936E5}.Debug|Any CPU.Build.0 = Debug|Any CPU
		{E451B066-B581-4D98-9870-967D00C936E5}.Release|Any CPU.ActiveCfg = Release|Any CPU
		{E451B066-B581-4D98-9870-967D00C936E5}.Release|Any CPU.Build.0 = Release|Any CPU
		{117BF2EC-4D0D-4B4D-A1EE-B57936B8BA64}.Debug|Any CPU.ActiveCfg = Debug|Any CPU
		{117BF2EC-4D0D-4B4D-A1EE-B57936B8BA64}.Debug|Any CPU.Build.0 = Debug|Any CPU
		{117BF2EC-4D0D-4B4D-A1EE-B57936B8BA64}.Release|Any CPU.ActiveCfg = Release|Any CPU
		{117BF2EC-4D0D-4B4D-A1EE-B57936B8BA64}.Release|Any CPU.Build.0 = Release|Any CPU
		{7787E653-16B3-49AA-ABC7-3B98CED8C780}.Debug|Any CPU.ActiveCfg = Debug|Any CPU
		{7787E653-16B3-49AA-ABC7-3B98CED8C780}.Debug|Any CPU.Build.0 = Debug|Any CPU
		{7787E653-16B3-49AA-ABC7-3B98CED8C780}.Release|Any CPU.ActiveCfg = Release|Any CPU
		{7787E653-16B3-49AA-ABC7-3B98CED8C780}.Release|Any CPU.Build.0 = Release|Any CPU
	EndGlobalSection
	GlobalSection(SolutionProperties) = preSolution
		HideSolutionNode = FALSE
	EndGlobalSection
	GlobalSection(NestedProjects) = preSolution
		{5374962C-8EB8-47DE-A679-9169C26D0F20} = {BB5EBC2E-1874-4DF5-B90E-1A55270EAFBC}
		{9F01C875-0665-4058-989F-7B48D64DEACD} = {29AE2BA3-C176-4757-8F9D-5FA8C71B2470}
		{D3227851-6748-4332-8377-886D6B9CFF5C} = {DD668F13-597F-478D-A283-B7CB716D28BD}
		{F79CB43A-69DD-4627-ACBB-1A3307155850} = {E2442DEB-A6F8-43A8-98EA-F15C42BB5CCD}
		{96C615E4-C573-408C-9BB6-C9506E510D8A} = {28261437-C1A6-4482-99B6-00D8BABFC2BC}
		{6507EB40-D3B2-4B70-8251-8B94990BB222} = {F62B38F6-1A5F-41E8-A585-2EBE481BE269}
		{BBB94D88-9E30-4D71-9A47-6701D49DD501} = {1200ACFB-2B2F-4B17-B2DE-43B1ADB954D9}
		{6A537E41-E1C0-4E8A-867A-51D6FAB89051} = {2BA28A77-B8D7-4980-9A16-B07E65542093}
		{2C1AD86D-E767-4777-9FF1-39B27DD845A5} = {F04B13C1-1B0B-42FC-BDC0-224DFB65FFF7}
		{035F41E1-3C09-4C8A-865D-7DA41B28A6DD} = {719BAF75-C8A6-4618-AFB2-3B953D335E1A}
		{E451B066-B581-4D98-9870-967D00C936E5} = {DFE77D88-481F-4D89-88CE-A99965775B19}
		{117BF2EC-4D0D-4B4D-A1EE-B57936B8BA64} = {6CD40ABD-0C63-430D-AF26-802CA8B31861}
		{7787E653-16B3-49AA-ABC7-3B98CED8C780} = {BA32043F-14C2-480D-AF23-7BD83F1C83CF}
	EndGlobalSection
	GlobalSection(ExtensibilityGlobals) = postSolution
		SolutionGuid = {A68F1920-9BF7-4EA7-9493-2E14B3B132AE}
	EndGlobalSection
EndGlobal
